
Microsoft Visual Studio Solution File, Format Version 12.00
# Visual Studio Version 17
VisualStudioVersion = 17.4.33213.308
MinimumVisualStudioVersion = 10.0.40219.1
Project("{FAE04EC0-301F-11D3-BF4B-00C04F79EFBC}") = "SuperHeroes", "SuperHeroes\SuperHeroes.csproj", "{304E3A6C-A134-48B2-89B5-CAFC9BEBAAF4}"
EndProject
Global
	GlobalSection(SolutionConfigurationPlatforms) = preSolution
		Debug|Any CPU = Debug|Any CPU
		Release|Any CPU = Release|Any CPU
	EndGlobalSection
	GlobalSection(ProjectConfigurationPlatforms) = postSolution
		{304E3A6C-A134-48B2-89B5-CAFC9BEBAAF4}.Debug|Any CPU.ActiveCfg = Debug|Any CPU
		{304E3A6C-A134-48B2-89B5-CAFC9BEBAAF4}.Debug|Any CPU.Build.0 = Debug|Any CPU
		{304E3A6C-A134-48B2-89B5-CAFC9BEBAAF4}.Release|Any CPU.ActiveCfg = Release|Any CPU
		{304E3A6C-A134-48B2-89B5-CAFC9BEBAAF4}.Release|Any CPU.Build.0 = Release|Any CPU
	EndGlobalSection
	GlobalSection(SolutionProperties) = preSolution
		HideSolutionNode = FALSE
	EndGlobalSection
	GlobalSection(ExtensibilityGlobals) = postSolution
		SolutionGuid = {DAD97207-9F79-4B98-AF28-6823CE59280F}
	EndGlobalSection
EndGlobal
